// !$*UTF8*$!
{
	archiveVersion = 1;
	classes = {
	};
	objectVersion = 46;
	objects = {

/* Begin PBXBuildFile section */
		1449FC0E198BBD49005321EE /* Foundation.framework in Frameworks */ = {isa = PBXBuildFile; fileRef = 1449FC0D198BBD49005321EE /* Foundation.framework */; };
		1449FC10198BBD49005321EE /* CoreGraphics.framework in Frameworks */ = {isa = PBXBuildFile; fileRef = 1449FC0F198BBD49005321EE /* CoreGraphics.framework */; };
		1449FC12198BBD49005321EE /* UIKit.framework in Frameworks */ = {isa = PBXBuildFile; fileRef = 1449FC11198BBD49005321EE /* UIKit.framework */; };
		1449FC18198BBD49005321EE /* InfoPlist.strings in Resources */ = {isa = PBXBuildFile; fileRef = 1449FC16198BBD49005321EE /* InfoPlist.strings */; };
		1449FC1A198BBD49005321EE /* main.m in Sources */ = {isa = PBXBuildFile; fileRef = 1449FC19198BBD49005321EE /* main.m */; };
		1449FC1E198BBD49005321EE /* ANAppDelegate.m in Sources */ = {isa = PBXBuildFile; fileRef = 1449FC1D198BBD49005321EE /* ANAppDelegate.m */; };
		1449FC21198BBD49005321EE /* Main_iPhone.storyboard in Resources */ = {isa = PBXBuildFile; fileRef = 1449FC1F198BBD49005321EE /* Main_iPhone.storyboard */; };
		1449FC24198BBD49005321EE /* Main_iPad.storyboard in Resources */ = {isa = PBXBuildFile; fileRef = 1449FC22198BBD49005321EE /* Main_iPad.storyboard */; };
		1449FC27198BBD49005321EE /* ANViewController.m in Sources */ = {isa = PBXBuildFile; fileRef = 1449FC26198BBD49005321EE /* ANViewController.m */; };
		1449FC29198BBD49005321EE /* Images.xcassets in Resources */ = {isa = PBXBuildFile; fileRef = 1449FC28198BBD49005321EE /* Images.xcassets */; };
		1449FC30198BBD49005321EE /* XCTest.framework in Frameworks */ = {isa = PBXBuildFile; fileRef = 1449FC2F198BBD49005321EE /* XCTest.framework */; };
		1449FC31198BBD49005321EE /* Foundation.framework in Frameworks */ = {isa = PBXBuildFile; fileRef = 1449FC0D198BBD49005321EE /* Foundation.framework */; };
		1449FC32198BBD49005321EE /* UIKit.framework in Frameworks */ = {isa = PBXBuildFile; fileRef = 1449FC11198BBD49005321EE /* UIKit.framework */; };
		1449FC3A198BBD49005321EE /* InfoPlist.strings in Resources */ = {isa = PBXBuildFile; fileRef = 1449FC38198BBD49005321EE /* InfoPlist.strings */; };
		1449FC3C198BBD49005321EE /* GestureControllingTests.m in Sources */ = {isa = PBXBuildFile; fileRef = 1449FC3B198BBD49005321EE /* GestureControllingTests.m */; };
/* End PBXBuildFile section */

/* Begin PBXContainerItemProxy section */
		1449FC33198BBD49005321EE /* PBXContainerItemProxy */ = {
			isa = PBXContainerItemProxy;
			containerPortal = 1449FC02198BBD49005321EE /* Project object */;
			proxyType = 1;
			remoteGlobalIDString = 1449FC09198BBD49005321EE;
			remoteInfo = GestureControlling;
		};
/* End PBXContainerItemProxy section */

/* Begin PBXFileReference section */
		1449FC0A198BBD49005321EE /* GestureControlling.app */ = {isa = PBXFileReference; explicitFileType = wrapper.application; includeInIndex = 0; path = GestureControlling.app; sourceTree = BUILT_PRODUCTS_DIR; };
		1449FC0D198BBD49005321EE /* Foundation.framework */ = {isa = PBXFileReference; lastKnownFileType = wrapper.framework; name = Foundation.framework; path = System/Library/Frameworks/Foundation.framework; sourceTree = SDKROOT; };
		1449FC0F198BBD49005321EE /* CoreGraphics.framework */ = {isa = PBXFileReference; lastKnownFileType = wrapper.framework; name = CoreGraphics.framework; path = System/Library/Frameworks/CoreGraphics.framework; sourceTree = SDKROOT; };
		1449FC11198BBD49005321EE /* UIKit.framework */ = {isa = PBXFileReference; lastKnownFileType = wrapper.framework; name = UIKit.framework; path = System/Library/Frameworks/UIKit.framework; sourceTree = SDKROOT; };
		1449FC15198BBD49005321EE /* GestureControlling-Info.plist */ = {isa = PBXFileReference; lastKnownFileType = text.plist.xml; path = "GestureControlling-Info.plist"; sourceTree = "<group>"; };
		1449FC17198BBD49005321EE /* en */ = {isa = PBXFileReference; lastKnownFileType = text.plist.strings; name = en; path = en.lproj/InfoPlist.strings; sourceTree = "<group>"; };
		1449FC19198BBD49005321EE /* main.m */ = {isa = PBXFileReference; lastKnownFileType = sourcecode.c.objc; path = main.m; sourceTree = "<group>"; };
		1449FC1B198BBD49005321EE /* GestureControlling-Prefix.pch */ = {isa = PBXFileReference; lastKnownFileType = sourcecode.c.h; path = "GestureControlling-Prefix.pch"; sourceTree = "<group>"; };
		1449FC1C198BBD49005321EE /* ANAppDelegate.h */ = {isa = PBXFileReference; lastKnownFileType = sourcecode.c.h; path = ANAppDelegate.h; sourceTree = "<group>"; };
		1449FC1D198BBD49005321EE /* ANAppDelegate.m */ = {isa = PBXFileReference; lastKnownFileType = sourcecode.c.objc; path = ANAppDelegate.m; sourceTree = "<group>"; };
		1449FC20198BBD49005321EE /* Base */ = {isa = PBXFileReference; lastKnownFileType = file.storyboard; name = Base; path = Base.lproj/Main_iPhone.storyboard; sourceTree = "<group>"; };
		1449FC23198BBD49005321EE /* Base */ = {isa = PBXFileReference; lastKnownFileType = file.storyboard; name = Base; path = Base.lproj/Main_iPad.storyboard; sourceTree = "<group>"; };
		1449FC25198BBD49005321EE /* ANViewController.h */ = {isa = PBXFileReference; lastKnownFileType = sourcecode.c.h; path = ANViewController.h; sourceTree = "<group>"; };
		1449FC26198BBD49005321EE /* ANViewController.m */ = {isa = PBXFileReference; lastKnownFileType = sourcecode.c.objc; path = ANViewController.m; sourceTree = "<group>"; };
		1449FC28198BBD49005321EE /* Images.xcassets */ = {isa = PBXFileReference; lastKnownFileType = folder.assetcatalog; path = Images.xcassets; sourceTree = "<group>"; };
		1449FC2E198BBD49005321EE /* GestureControllingTests.xctest */ = {isa = PBXFileReference; explicitFileType = wrapper.cfbundle; includeInIndex = 0; path = GestureControllingTests.xctest; sourceTree = BUILT_PRODUCTS_DIR; };
		1449FC2F198BBD49005321EE /* XCTest.framework */ = {isa = PBXFileReference; lastKnownFileType = wrapper.framework; name = XCTest.framework; path = Library/Frameworks/XCTest.framework; sourceTree = DEVELOPER_DIR; };
		1449FC37198BBD49005321EE /* GestureControllingTests-Info.plist */ = {isa = PBXFileReference; lastKnownFileType = text.plist.xml; path = "GestureControllingTests-Info.plist"; sourceTree = "<group>"; };
		1449FC39198BBD49005321EE /* en */ = {isa = PBXFileReference; lastKnownFileType = text.plist.strings; name = en; path = en.lproj/InfoPlist.strings; sourceTree = "<group>"; };
		1449FC3B198BBD49005321EE /* GestureControllingTests.m */ = {isa = PBXFileReference; lastKnownFileType = sourcecode.c.objc; path = GestureControllingTests.m; sourceTree = "<group>"; };
/* End PBXFileReference section */

/* Begin PBXFrameworksBuildPhase section */
		1449FC07198BBD49005321EE /* Frameworks */ = {
			isa = PBXFrameworksBuildPhase;
			buildActionMask = 2147483647;
			files = (
				1449FC10198BBD49005321EE /* CoreGraphics.framework in Frameworks */,
				1449FC12198BBD49005321EE /* UIKit.framework in Frameworks */,
				1449FC0E198BBD49005321EE /* Foundation.framework in Frameworks */,
			);
			runOnlyForDeploymentPostprocessing = 0;
		};
		1449FC2B198BBD49005321EE /* Frameworks */ = {
			isa = PBXFrameworksBuildPhase;
			buildActionMask = 2147483647;
			files = (
				1449FC30198BBD49005321EE /* XCTest.framework in Frameworks */,
				1449FC32198BBD49005321EE /* UIKit.framework in Frameworks */,
				1449FC31198BBD49005321EE /* Foundation.framework in Frameworks */,
			);
			runOnlyForDeploymentPostprocessing = 0;
		};
/* End PBXFrameworksBuildPhase section */

/* Begin PBXGroup section */
		1449FC01198BBD49005321EE = {
			isa = PBXGroup;
			children = (
				1449FC13198BBD49005321EE /* GestureControlling */,
				1449FC35198BBD49005321EE /* GestureControllingTests */,
				1449FC0C198BBD49005321EE /* Frameworks */,
				1449FC0B198BBD49005321EE /* Products */,
			);
			sourceTree = "<group>";
		};
		1449FC0B198BBD49005321EE /* Products */ = {
			isa = PBXGroup;
			children = (
				1449FC0A198BBD49005321EE /* GestureControlling.app */,
				1449FC2E198BBD49005321EE /* GestureControllingTests.xctest */,
			);
			name = Products;
			sourceTree = "<group>";
		};
		1449FC0C198BBD49005321EE /* Frameworks */ = {
			isa = PBXGroup;
			children = (
				1449FC0D198BBD49005321EE /* Foundation.framework */,
				1449FC0F198BBD49005321EE /* CoreGraphics.framework */,
				1449FC11198BBD49005321EE /* UIKit.framework */,
				1449FC2F198BBD49005321EE /* XCTest.framework */,
			);
			name = Frameworks;
			sourceTree = "<group>";
		};
		1449FC13198BBD49005321EE /* GestureControlling */ = {
			isa = PBXGroup;
			children = (
				1449FC1C198BBD49005321EE /* ANAppDelegate.h */,
				1449FC1D198BBD49005321EE /* ANAppDelegate.m */,
				1449FC1F198BBD49005321EE /* Main_iPhone.storyboard */,
				1449FC22198BBD49005321EE /* Main_iPad.storyboard */,
				1449FC25198BBD49005321EE /* ANViewController.h */,
				1449FC26198BBD49005321EE /* ANViewController.m */,
				1449FC28198BBD49005321EE /* Images.xcassets */,
				1449FC14198BBD49005321EE /* Supporting Files */,
			);
			path = GestureControlling;
			sourceTree = "<group>";
		};
		1449FC14198BBD49005321EE /* Supporting Files */ = {
			isa = PBXGroup;
			children = (
				1449FC15198BBD49005321EE /* GestureControlling-Info.plist */,
				1449FC16198BBD49005321EE /* InfoPlist.strings */,
				1449FC19198BBD49005321EE /* main.m */,
				1449FC1B198BBD49005321EE /* GestureControlling-Prefix.pch */,
			);
			name = "Supporting Files";
			sourceTree = "<group>";
		};
		1449FC35198BBD49005321EE /* GestureControllingTests */ = {
			isa = PBXGroup;
			children = (
				1449FC3B198BBD49005321EE /* GestureControllingTests.m */,
				1449FC36198BBD49005321EE /* Supporting Files */,
			);
			path = GestureControllingTests;
			sourceTree = "<group>";
		};
		1449FC36198BBD49005321EE /* Supporting Files */ = {
			isa = PBXGroup;
			children = (
				1449FC37198BBD49005321EE /* GestureControllingTests-Info.plist */,
				1449FC38198BBD49005321EE /* InfoPlist.strings */,
			);
			name = "Supporting Files";
			sourceTree = "<group>";
		};
/* End PBXGroup section */

/* Begin PBXNativeTarget section */
		1449FC09198BBD49005321EE /* GestureControlling */ = {
			isa = PBXNativeTarget;
			buildConfigurationList = 1449FC3F198BBD49005321EE /* Build configuration list for PBXNativeTarget "GestureControlling" */;
			buildPhases = (
				1449FC06198BBD49005321EE /* Sources */,
				1449FC07198BBD49005321EE /* Frameworks */,
				1449FC08198BBD49005321EE /* Resources */,
			);
			buildRules = (
			);
			dependencies = (
			);
			name = GestureControlling;
			productName = GestureControlling;
			productReference = 1449FC0A198BBD49005321EE /* GestureControlling.app */;
			productType = "com.apple.product-type.application";
		};
		1449FC2D198BBD49005321EE /* GestureControllingTests */ = {
			isa = PBXNativeTarget;
			buildConfigurationList = 1449FC42198BBD49005321EE /* Build configuration list for PBXNativeTarget "GestureControllingTests" */;
			buildPhases = (
				1449FC2A198BBD49005321EE /* Sources */,
				1449FC2B198BBD49005321EE /* Frameworks */,
				1449FC2C198BBD49005321EE /* Resources */,
			);
			buildRules = (
			);
			dependencies = (
				1449FC34198BBD49005321EE /* PBXTargetDependency */,
			);
			name = GestureControllingTests;
			productName = GestureControllingTests;
			productReference = 1449FC2E198BBD49005321EE /* GestureControllingTests.xctest */;
			productType = "com.apple.product-type.bundle.unit-test";
		};
/* End PBXNativeTarget section */

/* Begin PBXProject section */
		1449FC02198BBD49005321EE /* Project object */ = {
			isa = PBXProject;
			attributes = {
				CLASSPREFIX = AN;
				LastUpgradeCheck = 0510;
				ORGANIZATIONNAME = Self;
				TargetAttributes = {
					1449FC2D198BBD49005321EE = {
						TestTargetID = 1449FC09198BBD49005321EE;
					};
				};
			};
			buildConfigurationList = 1449FC05198BBD49005321EE /* Build configuration list for PBXProject "GestureControlling" */;
			compatibilityVersion = "Xcode 3.2";
			developmentRegion = English;
			hasScannedForEncodings = 0;
			knownRegions = (
				en,
				Base,
			);
			mainGroup = 1449FC01198BBD49005321EE;
			productRefGroup = 1449FC0B198BBD49005321EE /* Products */;
			projectDirPath = "";
			projectRoot = "";
			targets = (
				1449FC09198BBD49005321EE /* GestureControlling */,
				1449FC2D198BBD49005321EE /* GestureControllingTests */,
			);
		};
/* End PBXProject section */

/* Begin PBXResourcesBuildPhase section */
		1449FC08198BBD49005321EE /* Resources */ = {
			isa = PBXResourcesBuildPhase;
			buildActionMask = 2147483647;
			files = (
				1449FC24198BBD49005321EE /* Main_iPad.storyboard in Resources */,
				1449FC29198BBD49005321EE /* Images.xcassets in Resources */,
				1449FC21198BBD49005321EE /* Main_iPhone.storyboard in Resources */,
				1449FC18198BBD49005321EE /* InfoPlist.strings in Resources */,
			);
			runOnlyForDeploymentPostprocessing = 0;
		};
		1449FC2C198BBD49005321EE /* Resources */ = {
			isa = PBXResourcesBuildPhase;
			buildActionMask = 2147483647;
			files = (
				1449FC3A198BBD49005321EE /* InfoPlist.strings in Resources */,
			);
			runOnlyForDeploymentPostprocessing = 0;
		};
/* End PBXResourcesBuildPhase section */

/* Begin PBXSourcesBuildPhase section */
		1449FC06198BBD49005321EE /* Sources */ = {
			isa = PBXSourcesBuildPhase;
			buildActionMask = 2147483647;
			files = (
				1449FC1A198BBD49005321EE /* main.m in Sources */,
				1449FC27198BBD49005321EE /* ANViewController.m in Sources */,
				1449FC1E198BBD49005321EE /* ANAppDelegate.m in Sources */,
			);
			runOnlyForDeploymentPostprocessing = 0;
		};
		1449FC2A198BBD49005321EE /* Sources */ = {
			isa = PBXSourcesBuildPhase;
			buildActionMask = 2147483647;
			files = (
				1449FC3C198BBD49005321EE /* GestureControllingTests.m in Sources */,
			);
			runOnlyForDeploymentPostprocessing = 0;
		};
/* End PBXSourcesBuildPhase section */

/* Begin PBXTargetDependency section */
		1449FC34198BBD49005321EE /* PBXTargetDependency */ = {
			isa = PBXTargetDependency;
			target = 1449FC09198BBD49005321EE /* GestureControlling */;
			targetProxy = 1449FC33198BBD49005321EE /* PBXContainerItemProxy */;
		};
/* End PBXTargetDependency section */

/* Begin PBXVariantGroup section */
		1449FC16198BBD49005321EE /* InfoPlist.strings */ = {
			isa = PBXVariantGroup;
			children = (
				1449FC17198BBD49005321EE /* en */,
			);
			name = InfoPlist.strings;
			sourceTree = "<group>";
		};
		1449FC1F198BBD49005321EE /* Main_iPhone.storyboard */ = {
			isa = PBXVariantGroup;
			children = (
				1449FC20198BBD49005321EE /* Base */,
			);
			name = Main_iPhone.storyboard;
			sourceTree = "<group>";
		};
		1449FC22198BBD49005321EE /* Main_iPad.storyboard */ = {
			isa = PBXVariantGroup;
			children = (
				1449FC23198BBD49005321EE /* Base */,
			);
			name = Main_iPad.storyboard;
			sourceTree = "<group>";
		};
		1449FC38198BBD49005321EE /* InfoPlist.strings */ = {
			isa = PBXVariantGroup;
			children = (
				1449FC39198BBD49005321EE /* en */,
			);
			name = InfoPlist.strings;
			sourceTree = "<group>";
		};
/* End PBXVariantGroup section */

/* Begin XCBuildConfiguration section */
		1449FC3D198BBD49005321EE /* Debug */ = {
			isa = XCBuildConfiguration;
			buildSettings = {
				ALWAYS_SEARCH_USER_PATHS = NO;
				CLANG_CXX_LANGUAGE_STANDARD = "gnu++0x";
				CLANG_CXX_LIBRARY = "libc++";
				CLANG_ENABLE_MODULES = YES;
				CLANG_ENABLE_OBJC_ARC = YES;
				CLANG_WARN_BOOL_CONVERSION = YES;
				CLANG_WARN_CONSTANT_CONVERSION = YES;
				CLANG_WARN_DIRECT_OBJC_ISA_USAGE = YES_ERROR;
				CLANG_WARN_EMPTY_BODY = YES;
				CLANG_WARN_ENUM_CONVERSION = YES;
				CLANG_WARN_INT_CONVERSION = YES;
				CLANG_WARN_OBJC_ROOT_CLASS = YES_ERROR;
				CLANG_WARN__DUPLICATE_METHOD_MATCH = YES;
				"CODE_SIGN_IDENTITY[sdk=iphoneos*]" = "iPhone Developer";
				COPY_PHASE_STRIP = NO;
				GCC_C_LANGUAGE_STANDARD = gnu99;
				GCC_DYNAMIC_NO_PIC = NO;
				GCC_OPTIMIZATION_LEVEL = 0;
				GCC_PREPROCESSOR_DEFINITIONS = (
					"DEBUG=1",
					"$(inherited)",
				);
				GCC_SYMBOLS_PRIVATE_EXTERN = NO;
				GCC_WARN_64_TO_32_BIT_CONVERSION = YES;
				GCC_WARN_ABOUT_RETURN_TYPE = YES_ERROR;
				GCC_WARN_UNDECLARED_SELECTOR = YES;
				GCC_WARN_UNINITIALIZED_AUTOS = YES_AGGRESSIVE;
				GCC_WARN_UNUSED_FUNCTION = YES;
				GCC_WARN_UNUSED_VARIABLE = YES;
				IPHONEOS_DEPLOYMENT_TARGET = 7.1;
				ONLY_ACTIVE_ARCH = YES;
				SDKROOT = iphoneos;
				TARGETED_DEVICE_FAMILY = "1,2";
			};
			name = Debug;
		};
		1449FC3E198BBD49005321EE /* Release */ = {
			isa = XCBuildConfiguration;
			buildSettings = {
				ALWAYS_SEARCH_USER_PATHS = NO;
				CLANG_CXX_LANGUAGE_STANDARD = "gnu++0x";
				CLANG_CXX_LIBRARY = "libc++";
				CLANG_ENABLE_MODULES = YES;
				CLANG_ENABLE_OBJC_ARC = YES;
				CLANG_WARN_BOOL_CONVERSION = YES;
				CLANG_WARN_CONSTANT_CONVERSION = YES;
				CLANG_WARN_DIRECT_OBJC_ISA_USAGE = YES_ERROR;
				CLANG_WARN_EMPTY_BODY = YES;
				CLANG_WARN_ENUM_CONVERSION = YES;
				CLANG_WARN_INT_CONVERSION = YES;
				CLANG_WARN_OBJC_ROOT_CLASS = YES_ERROR;
				CLANG_WARN__DUPLICATE_METHOD_MATCH = YES;
				"CODE_SIGN_IDENTITY[sdk=iphoneos*]" = "iPhone Developer";
				COPY_PHASE_STRIP = YES;
				ENABLE_NS_ASSERTIONS = NO;
				GCC_C_LANGUAGE_STANDARD = gnu99;
				GCC_WARN_64_TO_32_BIT_CONVERSION = YES;
				GCC_WARN_ABOUT_RETURN_TYPE = YES_ERROR;
				GCC_WARN_UNDECLARED_SELECTOR = YES;
				GCC_WARN_UNINITIALIZED_AUTOS = YES_AGGRESSIVE;
				GCC_WARN_UNUSED_FUNCTION = YES;
				GCC_WARN_UNUSED_VARIABLE = YES;
				IPHONEOS_DEPLOYMENT_TARGET = 7.1;
				SDKROOT = iphoneos;
				TARGETED_DEVICE_FAMILY = "1,2";
				VALIDATE_PRODUCT = YES;
			};
			name = Release;
		};
		1449FC40198BBD49005321EE /* Debug */ = {
			isa = XCBuildConfiguration;
			buildSettings = {
				ASSETCATALOG_COMPILER_APPICON_NAME = AppIcon;
				ASSETCATALOG_COMPILER_LAUNCHIMAGE_NAME = LaunchImage;
				GCC_PRECOMPILE_PREFIX_HEADER = YES;
				GCC_PREFIX_HEADER = "GestureControlling/GestureControlling-Prefix.pch";
				INFOPLIST_FILE = "GestureControlling/GestureControlling-Info.plist";
				PRODUCT_NAME = "$(TARGET_NAME)";
				WRAPPER_EXTENSION = app;
			};
			name = Debug;
		};
		1449FC41198BBD49005321EE /* Release */ = {
			isa = XCBuildConfiguration;
			buildSettings = {
				ASSETCATALOG_COMPILER_APPICON_NAME = AppIcon;
				ASSETCATALOG_COMPILER_LAUNCHIMAGE_NAME = LaunchImage;
				GCC_PRECOMPILE_PREFIX_HEADER = YES;
				GCC_PREFIX_HEADER = "GestureControlling/GestureControlling-Prefix.pch";
				INFOPLIST_FILE = "GestureControlling/GestureControlling-Info.plist";
				PRODUCT_NAME = "$(TARGET_NAME)";
				WRAPPER_EXTENSION = app;
			};
			name = Release;
		};
		1449FC43198BBD49005321EE /* Debug */ = {
			isa = XCBuildConfiguration;
			buildSettings = {
				BUNDLE_LOADER = "$(BUILT_PRODUCTS_DIR)/GestureControlling.app/GestureControlling";
				FRAMEWORK_SEARCH_PATHS = (
					"$(SDKROOT)/Developer/Library/Frameworks",
					"$(inherited)",
					"$(DEVELOPER_FRAMEWORKS_DIR)",
				);
				GCC_PRECOMPILE_PREFIX_HEADER = YES;
				GCC_PREFIX_HEADER = "GestureControlling/GestureControlling-Prefix.pch";
				GCC_PREPROCESSOR_DEFINITIONS = (
					"DEBUG=1",
					"$(inherited)",
				);
				INFOPLIST_FILE = "GestureControllingTests/GestureControllingTests-Info.plist";
				PRODUCT_NAME = "$(TARGET_NAME)";
				TEST_HOST = "$(BUNDLE_LOADER)";
				WRAPPER_EXTENSION = xctest;
			};
			name = Debug;
		};
		1449FC44198BBD49005321EE /* Release */ = {
			isa = XCBuildConfiguration;
			buildSettings = {
				BUNDLE_LOADER = "$(BUILT_PRODUCTS_DIR)/GestureControlling.app/GestureControlling";
				FRAMEWORK_SEARCH_PATHS = (
					"$(SDKROOT)/Developer/Library/Frameworks",
					"$(inherited)",
					"$(DEVELOPER_FRAMEWORKS_DIR)",
				);
				GCC_PRECOMPILE_PREFIX_HEADER = YES;
				GCC_PREFIX_HEADER = "GestureControlling/GestureControlling-Prefix.pch";
				INFOPLIST_FILE = "GestureControllingTests/GestureControllingTests-Info.plist";
				PRODUCT_NAME = "$(TARGET_NAME)";
				TEST_HOST = "$(BUNDLE_LOADER)";
				WRAPPER_EXTENSION = xctest;
			};
			name = Release;
		};
/* End XCBuildConfiguration section */

/* Begin XCConfigurationList section */
		1449FC05198BBD49005321EE /* Build configuration list for PBXProject "GestureControlling" */ = {
			isa = XCConfigurationList;
			buildConfigurations = (
				1449FC3D198BBD49005321EE /* Debug */,
				1449FC3E198BBD49005321EE /* Release */,
			);
			defaultConfigurationIsVisible = 0;
			defaultConfigurationName = Release;
		};
		1449FC3F198BBD49005321EE /* Build configuration list for PBXNativeTarget "GestureControlling" */ = {
			isa = XCConfigurationList;
			buildConfigurations = (
				1449FC40198BBD49005321EE /* Debug */,
				1449FC41198BBD49005321EE /* Release */,
			);
			defaultConfigurationIsVisible = 0;
		};
		1449FC42198BBD49005321EE /* Build configuration list for PBXNativeTarget "GestureControllingTests" */ = {
			isa = XCConfigurationList;
			buildConfigurations = (
				1449FC43198BBD49005321EE /* Debug */,
				1449FC44198BBD49005321EE /* Release */,
			);
			defaultConfigurationIsVisible = 0;
		};
/* End XCConfigurationList section */
	};
	rootObject = 1449FC02198BBD49005321EE /* Project object */;
}
