// !$*UTF8*$!
{
	archiveVersion = 1;
	classes = {
	};
	objectVersion = 46;
	objects = {

/* Begin PBXBuildFile section */
		14C80FA619C2EDEF0088DDD4 /* AppDelegate.swift in Sources */ = {isa = PBXBuildFile; fileRef = 14C80FA519C2EDEF0088DDD4 /* AppDelegate.swift */; };
		14C80FA919C2EDEF0088DDD4 /* HandsFree.xcdatamodeld in Sources */ = {isa = PBXBuildFile; fileRef = 14C80FA719C2EDEF0088DDD4 /* HandsFree.xcdatamodeld */; };
		14C80FAB19C2EDEF0088DDD4 /* MasterViewController.swift in Sources */ = {isa = PBXBuildFile; fileRef = 14C80FAA19C2EDEF0088DDD4 /* MasterViewController.swift */; };
		14C80FAD19C2EDEF0088DDD4 /* DetailViewController.swift in Sources */ = {isa = PBXBuildFile; fileRef = 14C80FAC19C2EDEF0088DDD4 /* DetailViewController.swift */; };
		14C80FB019C2EDEF0088DDD4 /* Main.storyboard in Resources */ = {isa = PBXBuildFile; fileRef = 14C80FAE19C2EDEF0088DDD4 /* Main.storyboard */; };
		14C80FB219C2EDEF0088DDD4 /* Images.xcassets in Resources */ = {isa = PBXBuildFile; fileRef = 14C80FB119C2EDEF0088DDD4 /* Images.xcassets */; };
		14C80FB519C2EDEF0088DDD4 /* LaunchScreen.xib in Resources */ = {isa = PBXBuildFile; fileRef = 14C80FB319C2EDEF0088DDD4 /* LaunchScreen.xib */; };
		14C80FC119C2EDEF0088DDD4 /* HandsFreeTests.swift in Sources */ = {isa = PBXBuildFile; fileRef = 14C80FC019C2EDEF0088DDD4 /* HandsFreeTests.swift */; };
/* End PBXBuildFile section */

/* Begin PBXContainerItemProxy section */
		14C80FBB19C2EDEF0088DDD4 /* PBXContainerItemProxy */ = {
			isa = PBXContainerItemProxy;
			containerPortal = 14C80F9819C2EDEE0088DDD4 /* Project object */;
			proxyType = 1;
			remoteGlobalIDString = 14C80F9F19C2EDEF0088DDD4;
			remoteInfo = HandsFree;
		};
/* End PBXContainerItemProxy section */

/* Begin PBXFileReference section */
		14C80FA019C2EDEF0088DDD4 /* HandsFree.app */ = {isa = PBXFileReference; explicitFileType = wrapper.application; includeInIndex = 0; path = HandsFree.app; sourceTree = BUILT_PRODUCTS_DIR; };
		14C80FA419C2EDEF0088DDD4 /* Info.plist */ = {isa = PBXFileReference; lastKnownFileType = text.plist.xml; path = Info.plist; sourceTree = "<group>"; };
		14C80FA519C2EDEF0088DDD4 /* AppDelegate.swift */ = {isa = PBXFileReference; lastKnownFileType = sourcecode.swift; path = AppDelegate.swift; sourceTree = "<group>"; };
		14C80FA819C2EDEF0088DDD4 /* HandsFree.xcdatamodel */ = {isa = PBXFileReference; lastKnownFileType = wrapper.xcdatamodel; path = HandsFree.xcdatamodel; sourceTree = "<group>"; };
		14C80FAA19C2EDEF0088DDD4 /* MasterViewController.swift */ = {isa = PBXFileReference; lastKnownFileType = sourcecode.swift; path = MasterViewController.swift; sourceTree = "<group>"; };
		14C80FAC19C2EDEF0088DDD4 /* DetailViewController.swift */ = {isa = PBXFileReference; lastKnownFileType = sourcecode.swift; path = DetailViewController.swift; sourceTree = "<group>"; };
		14C80FAF19C2EDEF0088DDD4 /* Base */ = {isa = PBXFileReference; lastKnownFileType = file.storyboard; name = Base; path = Base.lproj/Main.storyboard; sourceTree = "<group>"; };
		14C80FB119C2EDEF0088DDD4 /* Images.xcassets */ = {isa = PBXFileReference; lastKnownFileType = folder.assetcatalog; path = Images.xcassets; sourceTree = "<group>"; };
		14C80FB419C2EDEF0088DDD4 /* Base */ = {isa = PBXFileReference; lastKnownFileType = file.xib; name = Base; path = Base.lproj/LaunchScreen.xib; sourceTree = "<group>"; };
		14C80FBA19C2EDEF0088DDD4 /* HandsFreeTests.xctest */ = {isa = PBXFileReference; explicitFileType = wrapper.cfbundle; includeInIndex = 0; path = HandsFreeTests.xctest; sourceTree = BUILT_PRODUCTS_DIR; };
		14C80FBF19C2EDEF0088DDD4 /* Info.plist */ = {isa = PBXFileReference; lastKnownFileType = text.plist.xml; path = Info.plist; sourceTree = "<group>"; };
		14C80FC019C2EDEF0088DDD4 /* HandsFreeTests.swift */ = {isa = PBXFileReference; lastKnownFileType = sourcecode.swift; path = HandsFreeTests.swift; sourceTree = "<group>"; };
/* End PBXFileReference section */

/* Begin PBXFrameworksBuildPhase section */
		14C80F9D19C2EDEF0088DDD4 /* Frameworks */ = {
			isa = PBXFrameworksBuildPhase;
			buildActionMask = 2147483647;
			files = (
			);
			runOnlyForDeploymentPostprocessing = 0;
		};
		14C80FB719C2EDEF0088DDD4 /* Frameworks */ = {
			isa = PBXFrameworksBuildPhase;
			buildActionMask = 2147483647;
			files = (
			);
			runOnlyForDeploymentPostprocessing = 0;
		};
/* End PBXFrameworksBuildPhase section */

/* Begin PBXGroup section */
		14C80F9719C2EDEE0088DDD4 = {
			isa = PBXGroup;
			children = (
				14C80FA219C2EDEF0088DDD4 /* HandsFree */,
				14C80FBD19C2EDEF0088DDD4 /* HandsFreeTests */,
				14C80FA119C2EDEF0088DDD4 /* Products */,
			);
			sourceTree = "<group>";
		};
		14C80FA119C2EDEF0088DDD4 /* Products */ = {
			isa = PBXGroup;
			children = (
				14C80FA019C2EDEF0088DDD4 /* HandsFree.app */,
				14C80FBA19C2EDEF0088DDD4 /* HandsFreeTests.xctest */,
			);
			name = Products;
			sourceTree = "<group>";
		};
		14C80FA219C2EDEF0088DDD4 /* HandsFree */ = {
			isa = PBXGroup;
			children = (
				14C80FA519C2EDEF0088DDD4 /* AppDelegate.swift */,
				14C80FAA19C2EDEF0088DDD4 /* MasterViewController.swift */,
				14C80FAC19C2EDEF0088DDD4 /* DetailViewController.swift */,
				14C80FAE19C2EDEF0088DDD4 /* Main.storyboard */,
				14C80FB119C2EDEF0088DDD4 /* Images.xcassets */,
				14C80FB319C2EDEF0088DDD4 /* LaunchScreen.xib */,
				14C80FA719C2EDEF0088DDD4 /* HandsFree.xcdatamodeld */,
				14C80FA319C2EDEF0088DDD4 /* Supporting Files */,
			);
			path = HandsFree;
			sourceTree = "<group>";
		};
		14C80FA319C2EDEF0088DDD4 /* Supporting Files */ = {
			isa = PBXGroup;
			children = (
				14C80FA419C2EDEF0088DDD4 /* Info.plist */,
			);
			name = "Supporting Files";
			sourceTree = "<group>";
		};
		14C80FBD19C2EDEF0088DDD4 /* HandsFreeTests */ = {
			isa = PBXGroup;
			children = (
				14C80FC019C2EDEF0088DDD4 /* HandsFreeTests.swift */,
				14C80FBE19C2EDEF0088DDD4 /* Supporting Files */,
			);
			path = HandsFreeTests;
			sourceTree = "<group>";
		};
		14C80FBE19C2EDEF0088DDD4 /* Supporting Files */ = {
			isa = PBXGroup;
			children = (
				14C80FBF19C2EDEF0088DDD4 /* Info.plist */,
			);
			name = "Supporting Files";
			sourceTree = "<group>";
		};
/* End PBXGroup section */

/* Begin PBXNativeTarget section */
		14C80F9F19C2EDEF0088DDD4 /* HandsFree */ = {
			isa = PBXNativeTarget;
			buildConfigurationList = 14C80FC419C2EDEF0088DDD4 /* Build configuration list for PBXNativeTarget "HandsFree" */;
			buildPhases = (
				14C80F9C19C2EDEF0088DDD4 /* Sources */,
				14C80F9D19C2EDEF0088DDD4 /* Frameworks */,
				14C80F9E19C2EDEF0088DDD4 /* Resources */,
			);
			buildRules = (
			);
			dependencies = (
			);
			name = HandsFree;
			productName = HandsFree;
			productReference = 14C80FA019C2EDEF0088DDD4 /* HandsFree.app */;
			productType = "com.apple.product-type.application";
		};
		14C80FB919C2EDEF0088DDD4 /* HandsFreeTests */ = {
			isa = PBXNativeTarget;
			buildConfigurationList = 14C80FC719C2EDEF0088DDD4 /* Build configuration list for PBXNativeTarget "HandsFreeTests" */;
			buildPhases = (
				14C80FB619C2EDEF0088DDD4 /* Sources */,
				14C80FB719C2EDEF0088DDD4 /* Frameworks */,
				14C80FB819C2EDEF0088DDD4 /* Resources */,
			);
			buildRules = (
			);
			dependencies = (
				14C80FBC19C2EDEF0088DDD4 /* PBXTargetDependency */,
			);
			name = HandsFreeTests;
			productName = HandsFreeTests;
			productReference = 14C80FBA19C2EDEF0088DDD4 /* HandsFreeTests.xctest */;
			productType = "com.apple.product-type.bundle.unit-test";
		};
/* End PBXNativeTarget section */

/* Begin PBXProject section */
		14C80F9819C2EDEE0088DDD4 /* Project object */ = {
			isa = PBXProject;
			attributes = {
				LastUpgradeCheck = 0600;
				ORGANIZATIONNAME = Self;
				TargetAttributes = {
					14C80F9F19C2EDEF0088DDD4 = {
						CreatedOnToolsVersion = 6.0;
					};
					14C80FB919C2EDEF0088DDD4 = {
						CreatedOnToolsVersion = 6.0;
						TestTargetID = 14C80F9F19C2EDEF0088DDD4;
					};
				};
			};
			buildConfigurationList = 14C80F9B19C2EDEF0088DDD4 /* Build configuration list for PBXProject "HandsFree" */;
			compatibilityVersion = "Xcode 3.2";
			developmentRegion = English;
			hasScannedForEncodings = 0;
			knownRegions = (
				en,
				Base,
			);
			mainGroup = 14C80F9719C2EDEE0088DDD4;
			productRefGroup = 14C80FA119C2EDEF0088DDD4 /* Products */;
			projectDirPath = "";
			projectRoot = "";
			targets = (
				14C80F9F19C2EDEF0088DDD4 /* HandsFree */,
				14C80FB919C2EDEF0088DDD4 /* HandsFreeTests */,
			);
		};
/* End PBXProject section */

/* Begin PBXResourcesBuildPhase section */
		14C80F9E19C2EDEF0088DDD4 /* Resources */ = {
			isa = PBXResourcesBuildPhase;
			buildActionMask = 2147483647;
			files = (
				14C80FB019C2EDEF0088DDD4 /* Main.storyboard in Resources */,
				14C80FB519C2EDEF0088DDD4 /* LaunchScreen.xib in Resources */,
				14C80FB219C2EDEF0088DDD4 /* Images.xcassets in Resources */,
			);
			runOnlyForDeploymentPostprocessing = 0;
		};
		14C80FB819C2EDEF0088DDD4 /* Resources */ = {
			isa = PBXResourcesBuildPhase;
			buildActionMask = 2147483647;
			files = (
			);
			runOnlyForDeploymentPostprocessing = 0;
		};
/* End PBXResourcesBuildPhase section */

/* Begin PBXSourcesBuildPhase section */
		14C80F9C19C2EDEF0088DDD4 /* Sources */ = {
			isa = PBXSourcesBuildPhase;
			buildActionMask = 2147483647;
			files = (
				14C80FA919C2EDEF0088DDD4 /* HandsFree.xcdatamodeld in Sources */,
				14C80FA619C2EDEF0088DDD4 /* AppDelegate.swift in Sources */,
				14C80FAB19C2EDEF0088DDD4 /* MasterViewController.swift in Sources */,
				14C80FAD19C2EDEF0088DDD4 /* DetailViewController.swift in Sources */,
			);
			runOnlyForDeploymentPostprocessing = 0;
		};
		14C80FB619C2EDEF0088DDD4 /* Sources */ = {
			isa = PBXSourcesBuildPhase;
			buildActionMask = 2147483647;
			files = (
				14C80FC119C2EDEF0088DDD4 /* HandsFreeTests.swift in Sources */,
			);
			runOnlyForDeploymentPostprocessing = 0;
		};
/* End PBXSourcesBuildPhase section */

/* Begin PBXTargetDependency section */
		14C80FBC19C2EDEF0088DDD4 /* PBXTargetDependency */ = {
			isa = PBXTargetDependency;
			target = 14C80F9F19C2EDEF0088DDD4 /* HandsFree */;
			targetProxy = 14C80FBB19C2EDEF0088DDD4 /* PBXContainerItemProxy */;
		};
/* End PBXTargetDependency section */

/* Begin PBXVariantGroup section */
		14C80FAE19C2EDEF0088DDD4 /* Main.storyboard */ = {
			isa = PBXVariantGroup;
			children = (
				14C80FAF19C2EDEF0088DDD4 /* Base */,
			);
			name = Main.storyboard;
			sourceTree = "<group>";
		};
		14C80FB319C2EDEF0088DDD4 /* LaunchScreen.xib */ = {
			isa = PBXVariantGroup;
			children = (
				14C80FB419C2EDEF0088DDD4 /* Base */,
			);
			name = LaunchScreen.xib;
			sourceTree = "<group>";
		};
/* End PBXVariantGroup section */

/* Begin XCBuildConfiguration section */
		14C80FC219C2EDEF0088DDD4 /* Debug */ = {
			isa = XCBuildConfiguration;
			buildSettings = {
				ALWAYS_SEARCH_USER_PATHS = NO;
				CLANG_CXX_LANGUAGE_STANDARD = "gnu++0x";
				CLANG_CXX_LIBRARY = "libc++";
				CLANG_ENABLE_MODULES = YES;
				CLANG_ENABLE_OBJC_ARC = YES;
				CLANG_WARN_BOOL_CONVERSION = YES;
				CLANG_WARN_CONSTANT_CONVERSION = YES;
				CLANG_WARN_DIRECT_OBJC_ISA_USAGE = YES_ERROR;
				CLANG_WARN_EMPTY_BODY = YES;
				CLANG_WARN_ENUM_CONVERSION = YES;
				CLANG_WARN_INT_CONVERSION = YES;
				CLANG_WARN_OBJC_ROOT_CLASS = YES_ERROR;
				CLANG_WARN_UNREACHABLE_CODE = YES;
				CLANG_WARN__DUPLICATE_METHOD_MATCH = YES;
				"CODE_SIGN_IDENTITY[sdk=iphoneos*]" = "iPhone Developer";
				COPY_PHASE_STRIP = NO;
				ENABLE_STRICT_OBJC_MSGSEND = YES;
				GCC_C_LANGUAGE_STANDARD = gnu99;
				GCC_DYNAMIC_NO_PIC = NO;
				GCC_OPTIMIZATION_LEVEL = 0;
				GCC_PREPROCESSOR_DEFINITIONS = (
					"DEBUG=1",
					"$(inherited)",
				);
				GCC_SYMBOLS_PRIVATE_EXTERN = NO;
				GCC_WARN_64_TO_32_BIT_CONVERSION = YES;
				GCC_WARN_ABOUT_RETURN_TYPE = YES_ERROR;
				GCC_WARN_UNDECLARED_SELECTOR = YES;
				GCC_WARN_UNINITIALIZED_AUTOS = YES_AGGRESSIVE;
				GCC_WARN_UNUSED_FUNCTION = YES;
				GCC_WARN_UNUSED_VARIABLE = YES;
				IPHONEOS_DEPLOYMENT_TARGET = 8.0;
				MTL_ENABLE_DEBUG_INFO = YES;
				ONLY_ACTIVE_ARCH = YES;
				SDKROOT = iphoneos;
				SWIFT_OPTIMIZATION_LEVEL = "-Onone";
				TARGETED_DEVICE_FAMILY = "1,2";
			};
			name = Debug;
		};
		14C80FC319C2EDEF0088DDD4 /* Release */ = {
			isa = XCBuildConfiguration;
			buildSettings = {
				ALWAYS_SEARCH_USER_PATHS = NO;
				CLANG_CXX_LANGUAGE_STANDARD = "gnu++0x";
				CLANG_CXX_LIBRARY = "libc++";
				CLANG_ENABLE_MODULES = YES;
				CLANG_ENABLE_OBJC_ARC = YES;
				CLANG_WARN_BOOL_CONVERSION = YES;
				CLANG_WARN_CONSTANT_CONVERSION = YES;
				CLANG_WARN_DIRECT_OBJC_ISA_USAGE = YES_ERROR;
				CLANG_WARN_EMPTY_BODY = YES;
				CLANG_WARN_ENUM_CONVERSION = YES;
				CLANG_WARN_INT_CONVERSION = YES;
				CLANG_WARN_OBJC_ROOT_CLASS = YES_ERROR;
				CLANG_WARN_UNREACHABLE_CODE = YES;
				CLANG_WARN__DUPLICATE_METHOD_MATCH = YES;
				"CODE_SIGN_IDENTITY[sdk=iphoneos*]" = "iPhone Developer";
				COPY_PHASE_STRIP = YES;
				ENABLE_NS_ASSERTIONS = NO;
				ENABLE_STRICT_OBJC_MSGSEND = YES;
				GCC_C_LANGUAGE_STANDARD = gnu99;
				GCC_WARN_64_TO_32_BIT_CONVERSION = YES;
				GCC_WARN_ABOUT_RETURN_TYPE = YES_ERROR;
				GCC_WARN_UNDECLARED_SELECTOR = YES;
				GCC_WARN_UNINITIALIZED_AUTOS = YES_AGGRESSIVE;
				GCC_WARN_UNUSED_FUNCTION = YES;
				GCC_WARN_UNUSED_VARIABLE = YES;
				IPHONEOS_DEPLOYMENT_TARGET = 8.0;
				MTL_ENABLE_DEBUG_INFO = NO;
				SDKROOT = iphoneos;
				TARGETED_DEVICE_FAMILY = "1,2";
				VALIDATE_PRODUCT = YES;
			};
			name = Release;
		};
		14C80FC519C2EDEF0088DDD4 /* Debug */ = {
			isa = XCBuildConfiguration;
			buildSettings = {
				ASSETCATALOG_COMPILER_APPICON_NAME = AppIcon;
				INFOPLIST_FILE = HandsFree/Info.plist;
				LD_RUNPATH_SEARCH_PATHS = "$(inherited) @executable_path/Frameworks";
				PRODUCT_NAME = "$(TARGET_NAME)";
			};
			name = Debug;
		};
		14C80FC619C2EDEF0088DDD4 /* Release */ = {
			isa = XCBuildConfiguration;
			buildSettings = {
				ASSETCATALOG_COMPILER_APPICON_NAME = AppIcon;
				INFOPLIST_FILE = HandsFree/Info.plist;
				LD_RUNPATH_SEARCH_PATHS = "$(inherited) @executable_path/Frameworks";
				PRODUCT_NAME = "$(TARGET_NAME)";
			};
			name = Release;
		};
		14C80FC819C2EDEF0088DDD4 /* Debug */ = {
			isa = XCBuildConfiguration;
			buildSettings = {
				BUNDLE_LOADER = "$(TEST_HOST)";
				FRAMEWORK_SEARCH_PATHS = (
					"$(SDKROOT)/Developer/Library/Frameworks",
					"$(inherited)",
				);
				GCC_PREPROCESSOR_DEFINITIONS = (
					"DEBUG=1",
					"$(inherited)",
				);
				INFOPLIST_FILE = HandsFreeTests/Info.plist;
				LD_RUNPATH_SEARCH_PATHS = "$(inherited) @executable_path/Frameworks @loader_path/Frameworks";
				PRODUCT_NAME = "$(TARGET_NAME)";
				TEST_HOST = "$(BUILT_PRODUCTS_DIR)/HandsFree.app/HandsFree";
			};
			name = Debug;
		};
		14C80FC919C2EDEF0088DDD4 /* Release */ = {
			isa = XCBuildConfiguration;
			buildSettings = {
				BUNDLE_LOADER = "$(TEST_HOST)";
				FRAMEWORK_SEARCH_PATHS = (
					"$(SDKROOT)/Developer/Library/Frameworks",
					"$(inherited)",
				);
				INFOPLIST_FILE = HandsFreeTests/Info.plist;
				LD_RUNPATH_SEARCH_PATHS = "$(inherited) @executable_path/Frameworks @loader_path/Frameworks";
				PRODUCT_NAME = "$(TARGET_NAME)";
				TEST_HOST = "$(BUILT_PRODUCTS_DIR)/HandsFree.app/HandsFree";
			};
			name = Release;
		};
/* End XCBuildConfiguration section */

/* Begin XCConfigurationList section */
		14C80F9B19C2EDEF0088DDD4 /* Build configuration list for PBXProject "HandsFree" */ = {
			isa = XCConfigurationList;
			buildConfigurations = (
				14C80FC219C2EDEF0088DDD4 /* Debug */,
				14C80FC319C2EDEF0088DDD4 /* Release */,
			);
			defaultConfigurationIsVisible = 0;
			defaultConfigurationName = Release;
		};
		14C80FC419C2EDEF0088DDD4 /* Build configuration list for PBXNativeTarget "HandsFree" */ = {
			isa = XCConfigurationList;
			buildConfigurations = (
				14C80FC519C2EDEF0088DDD4 /* Debug */,
				14C80FC619C2EDEF0088DDD4 /* Release */,
			);
			defaultConfigurationIsVisible = 0;
		};
		14C80FC719C2EDEF0088DDD4 /* Build configuration list for PBXNativeTarget "HandsFreeTests" */ = {
			isa = XCConfigurationList;
			buildConfigurations = (
				14C80FC819C2EDEF0088DDD4 /* Debug */,
				14C80FC919C2EDEF0088DDD4 /* Release */,
			);
			defaultConfigurationIsVisible = 0;
		};
/* End XCConfigurationList section */

/* Begin XCVersionGroup section */
		14C80FA719C2EDEF0088DDD4 /* HandsFree.xcdatamodeld */ = {
			isa = XCVersionGroup;
			children = (
				14C80FA819C2EDEF0088DDD4 /* HandsFree.xcdatamodel */,
			);
			currentVersion = 14C80FA819C2EDEF0088DDD4 /* HandsFree.xcdatamodel */;
			path = HandsFree.xcdatamodeld;
			sourceTree = "<group>";
			versionGroupType = wrapper.xcdatamodel;
		};
/* End XCVersionGroup section */
	};
	rootObject = 14C80F9819C2EDEE0088DDD4 /* Project object */;
}
