// !$*UTF8*$!
{
	archiveVersion = 1;
	classes = {
	};
	objectVersion = 46;
	objects = {

/* Begin PBXBuildFile section */
		14C27F6219C9746D0081C93E /* Foundation.framework in Frameworks */ = {isa = PBXBuildFile; fileRef = 14C27F6119C9746D0081C93E /* Foundation.framework */; };
		14C27F6419C9746D0081C93E /* CoreGraphics.framework in Frameworks */ = {isa = PBXBuildFile; fileRef = 14C27F6319C9746D0081C93E /* CoreGraphics.framework */; };
		14C27F6619C9746D0081C93E /* UIKit.framework in Frameworks */ = {isa = PBXBuildFile; fileRef = 14C27F6519C9746D0081C93E /* UIKit.framework */; };
		14C27F6819C9746D0081C93E /* CoreData.framework in Frameworks */ = {isa = PBXBuildFile; fileRef = 14C27F6719C9746D0081C93E /* CoreData.framework */; };
		14C27F6E19C9746D0081C93E /* InfoPlist.strings in Resources */ = {isa = PBXBuildFile; fileRef = 14C27F6C19C9746D0081C93E /* InfoPlist.strings */; };
		14C27F7019C9746D0081C93E /* main.m in Sources */ = {isa = PBXBuildFile; fileRef = 14C27F6F19C9746D0081C93E /* main.m */; };
		14C27F7419C9746D0081C93E /* OCAppDelegate.m in Sources */ = {isa = PBXBuildFile; fileRef = 14C27F7319C9746D0081C93E /* OCAppDelegate.m */; };
		14C27F7719C9746D0081C93E /* Main_iPhone.storyboard in Resources */ = {isa = PBXBuildFile; fileRef = 14C27F7519C9746D0081C93E /* Main_iPhone.storyboard */; };
		14C27F7A19C9746D0081C93E /* Main_iPad.storyboard in Resources */ = {isa = PBXBuildFile; fileRef = 14C27F7819C9746D0081C93E /* Main_iPad.storyboard */; };
		14C27F7D19C9746D0081C93E /* OpenChat.xcdatamodeld in Sources */ = {isa = PBXBuildFile; fileRef = 14C27F7B19C9746D0081C93E /* OpenChat.xcdatamodeld */; };
		14C27F8019C9746D0081C93E /* OCMasterViewController.m in Sources */ = {isa = PBXBuildFile; fileRef = 14C27F7F19C9746D0081C93E /* OCMasterViewController.m */; };
		14C27F8319C9746D0081C93E /* OCDetailViewController.m in Sources */ = {isa = PBXBuildFile; fileRef = 14C27F8219C9746D0081C93E /* OCDetailViewController.m */; };
		14C27F8519C9746D0081C93E /* Images.xcassets in Resources */ = {isa = PBXBuildFile; fileRef = 14C27F8419C9746D0081C93E /* Images.xcassets */; };
		14C27F8C19C9746D0081C93E /* XCTest.framework in Frameworks */ = {isa = PBXBuildFile; fileRef = 14C27F8B19C9746D0081C93E /* XCTest.framework */; };
		14C27F8D19C9746D0081C93E /* Foundation.framework in Frameworks */ = {isa = PBXBuildFile; fileRef = 14C27F6119C9746D0081C93E /* Foundation.framework */; };
		14C27F8E19C9746D0081C93E /* UIKit.framework in Frameworks */ = {isa = PBXBuildFile; fileRef = 14C27F6519C9746D0081C93E /* UIKit.framework */; };
		14C27F8F19C9746E0081C93E /* CoreData.framework in Frameworks */ = {isa = PBXBuildFile; fileRef = 14C27F6719C9746D0081C93E /* CoreData.framework */; };
		14C27F9719C9746E0081C93E /* InfoPlist.strings in Resources */ = {isa = PBXBuildFile; fileRef = 14C27F9519C9746E0081C93E /* InfoPlist.strings */; };
		14C27F9919C9746E0081C93E /* OpenChatTests.m in Sources */ = {isa = PBXBuildFile; fileRef = 14C27F9819C9746E0081C93E /* OpenChatTests.m */; };
/* End PBXBuildFile section */

/* Begin PBXContainerItemProxy section */
		14C27F9019C9746E0081C93E /* PBXContainerItemProxy */ = {
			isa = PBXContainerItemProxy;
			containerPortal = 14C27F5619C9746D0081C93E /* Project object */;
			proxyType = 1;
			remoteGlobalIDString = 14C27F5D19C9746D0081C93E;
			remoteInfo = OpenChat;
		};
/* End PBXContainerItemProxy section */

/* Begin PBXFileReference section */
		14C27F5E19C9746D0081C93E /* OpenChat.app */ = {isa = PBXFileReference; explicitFileType = wrapper.application; includeInIndex = 0; path = OpenChat.app; sourceTree = BUILT_PRODUCTS_DIR; };
		14C27F6119C9746D0081C93E /* Foundation.framework */ = {isa = PBXFileReference; lastKnownFileType = wrapper.framework; name = Foundation.framework; path = System/Library/Frameworks/Foundation.framework; sourceTree = SDKROOT; };
		14C27F6319C9746D0081C93E /* CoreGraphics.framework */ = {isa = PBXFileReference; lastKnownFileType = wrapper.framework; name = CoreGraphics.framework; path = System/Library/Frameworks/CoreGraphics.framework; sourceTree = SDKROOT; };
		14C27F6519C9746D0081C93E /* UIKit.framework */ = {isa = PBXFileReference; lastKnownFileType = wrapper.framework; name = UIKit.framework; path = System/Library/Frameworks/UIKit.framework; sourceTree = SDKROOT; };
		14C27F6719C9746D0081C93E /* CoreData.framework */ = {isa = PBXFileReference; lastKnownFileType = wrapper.framework; name = CoreData.framework; path = System/Library/Frameworks/CoreData.framework; sourceTree = SDKROOT; };
		14C27F6B19C9746D0081C93E /* OpenChat-Info.plist */ = {isa = PBXFileReference; lastKnownFileType = text.plist.xml; path = "OpenChat-Info.plist"; sourceTree = "<group>"; };
		14C27F6D19C9746D0081C93E /* en */ = {isa = PBXFileReference; lastKnownFileType = text.plist.strings; name = en; path = en.lproj/InfoPlist.strings; sourceTree = "<group>"; };
		14C27F6F19C9746D0081C93E /* main.m */ = {isa = PBXFileReference; lastKnownFileType = sourcecode.c.objc; path = main.m; sourceTree = "<group>"; };
		14C27F7119C9746D0081C93E /* OpenChat-Prefix.pch */ = {isa = PBXFileReference; lastKnownFileType = sourcecode.c.h; path = "OpenChat-Prefix.pch"; sourceTree = "<group>"; };
		14C27F7219C9746D0081C93E /* OCAppDelegate.h */ = {isa = PBXFileReference; lastKnownFileType = sourcecode.c.h; path = OCAppDelegate.h; sourceTree = "<group>"; };
		14C27F7319C9746D0081C93E /* OCAppDelegate.m */ = {isa = PBXFileReference; lastKnownFileType = sourcecode.c.objc; path = OCAppDelegate.m; sourceTree = "<group>"; };
		14C27F7619C9746D0081C93E /* Base */ = {isa = PBXFileReference; lastKnownFileType = file.storyboard; name = Base; path = Base.lproj/Main_iPhone.storyboard; sourceTree = "<group>"; };
		14C27F7919C9746D0081C93E /* Base */ = {isa = PBXFileReference; lastKnownFileType = file.storyboard; name = Base; path = Base.lproj/Main_iPad.storyboard; sourceTree = "<group>"; };
		14C27F7C19C9746D0081C93E /* OpenChat.xcdatamodel */ = {isa = PBXFileReference; lastKnownFileType = wrapper.xcdatamodel; path = OpenChat.xcdatamodel; sourceTree = "<group>"; };
		14C27F7E19C9746D0081C93E /* OCMasterViewController.h */ = {isa = PBXFileReference; lastKnownFileType = sourcecode.c.h; path = OCMasterViewController.h; sourceTree = "<group>"; };
		14C27F7F19C9746D0081C93E /* OCMasterViewController.m */ = {isa = PBXFileReference; lastKnownFileType = sourcecode.c.objc; path = OCMasterViewController.m; sourceTree = "<group>"; };
		14C27F8119C9746D0081C93E /* OCDetailViewController.h */ = {isa = PBXFileReference; lastKnownFileType = sourcecode.c.h; path = OCDetailViewController.h; sourceTree = "<group>"; };
		14C27F8219C9746D0081C93E /* OCDetailViewController.m */ = {isa = PBXFileReference; lastKnownFileType = sourcecode.c.objc; path = OCDetailViewController.m; sourceTree = "<group>"; };
		14C27F8419C9746D0081C93E /* Images.xcassets */ = {isa = PBXFileReference; lastKnownFileType = folder.assetcatalog; path = Images.xcassets; sourceTree = "<group>"; };
		14C27F8A19C9746D0081C93E /* OpenChatTests.xctest */ = {isa = PBXFileReference; explicitFileType = wrapper.cfbundle; includeInIndex = 0; path = OpenChatTests.xctest; sourceTree = BUILT_PRODUCTS_DIR; };
		14C27F8B19C9746D0081C93E /* XCTest.framework */ = {isa = PBXFileReference; lastKnownFileType = wrapper.framework; name = XCTest.framework; path = Library/Frameworks/XCTest.framework; sourceTree = DEVELOPER_DIR; };
		14C27F9419C9746E0081C93E /* OpenChatTests-Info.plist */ = {isa = PBXFileReference; lastKnownFileType = text.plist.xml; path = "OpenChatTests-Info.plist"; sourceTree = "<group>"; };
		14C27F9619C9746E0081C93E /* en */ = {isa = PBXFileReference; lastKnownFileType = text.plist.strings; name = en; path = en.lproj/InfoPlist.strings; sourceTree = "<group>"; };
		14C27F9819C9746E0081C93E /* OpenChatTests.m */ = {isa = PBXFileReference; lastKnownFileType = sourcecode.c.objc; path = OpenChatTests.m; sourceTree = "<group>"; };
/* End PBXFileReference section */

/* Begin PBXFrameworksBuildPhase section */
		14C27F5B19C9746D0081C93E /* Frameworks */ = {
			isa = PBXFrameworksBuildPhase;
			buildActionMask = 2147483647;
			files = (
				14C27F6419C9746D0081C93E /* CoreGraphics.framework in Frameworks */,
				14C27F6819C9746D0081C93E /* CoreData.framework in Frameworks */,
				14C27F6619C9746D0081C93E /* UIKit.framework in Frameworks */,
				14C27F6219C9746D0081C93E /* Foundation.framework in Frameworks */,
			);
			runOnlyForDeploymentPostprocessing = 0;
		};
		14C27F8719C9746D0081C93E /* Frameworks */ = {
			isa = PBXFrameworksBuildPhase;
			buildActionMask = 2147483647;
			files = (
				14C27F8C19C9746D0081C93E /* XCTest.framework in Frameworks */,
				14C27F8F19C9746E0081C93E /* CoreData.framework in Frameworks */,
				14C27F8E19C9746D0081C93E /* UIKit.framework in Frameworks */,
				14C27F8D19C9746D0081C93E /* Foundation.framework in Frameworks */,
			);
			runOnlyForDeploymentPostprocessing = 0;
		};
/* End PBXFrameworksBuildPhase section */

/* Begin PBXGroup section */
		14C27F5519C9746D0081C93E = {
			isa = PBXGroup;
			children = (
				14C27F6919C9746D0081C93E /* OpenChat */,
				14C27F9219C9746E0081C93E /* OpenChatTests */,
				14C27F6019C9746D0081C93E /* Frameworks */,
				14C27F5F19C9746D0081C93E /* Products */,
			);
			sourceTree = "<group>";
		};
		14C27F5F19C9746D0081C93E /* Products */ = {
			isa = PBXGroup;
			children = (
				14C27F5E19C9746D0081C93E /* OpenChat.app */,
				14C27F8A19C9746D0081C93E /* OpenChatTests.xctest */,
			);
			name = Products;
			sourceTree = "<group>";
		};
		14C27F6019C9746D0081C93E /* Frameworks */ = {
			isa = PBXGroup;
			children = (
				14C27F6119C9746D0081C93E /* Foundation.framework */,
				14C27F6319C9746D0081C93E /* CoreGraphics.framework */,
				14C27F6519C9746D0081C93E /* UIKit.framework */,
				14C27F6719C9746D0081C93E /* CoreData.framework */,
				14C27F8B19C9746D0081C93E /* XCTest.framework */,
			);
			name = Frameworks;
			sourceTree = "<group>";
		};
		14C27F6919C9746D0081C93E /* OpenChat */ = {
			isa = PBXGroup;
			children = (
				14C27F7219C9746D0081C93E /* OCAppDelegate.h */,
				14C27F7319C9746D0081C93E /* OCAppDelegate.m */,
				14C27F7519C9746D0081C93E /* Main_iPhone.storyboard */,
				14C27F7819C9746D0081C93E /* Main_iPad.storyboard */,
				14C27F7E19C9746D0081C93E /* OCMasterViewController.h */,
				14C27F7F19C9746D0081C93E /* OCMasterViewController.m */,
				14C27F8119C9746D0081C93E /* OCDetailViewController.h */,
				14C27F8219C9746D0081C93E /* OCDetailViewController.m */,
				14C27F8419C9746D0081C93E /* Images.xcassets */,
				14C27F7B19C9746D0081C93E /* OpenChat.xcdatamodeld */,
				14C27F6A19C9746D0081C93E /* Supporting Files */,
			);
			path = OpenChat;
			sourceTree = "<group>";
		};
		14C27F6A19C9746D0081C93E /* Supporting Files */ = {
			isa = PBXGroup;
			children = (
				14C27F6B19C9746D0081C93E /* OpenChat-Info.plist */,
				14C27F6C19C9746D0081C93E /* InfoPlist.strings */,
				14C27F6F19C9746D0081C93E /* main.m */,
				14C27F7119C9746D0081C93E /* OpenChat-Prefix.pch */,
			);
			name = "Supporting Files";
			sourceTree = "<group>";
		};
		14C27F9219C9746E0081C93E /* OpenChatTests */ = {
			isa = PBXGroup;
			children = (
				14C27F9819C9746E0081C93E /* OpenChatTests.m */,
				14C27F9319C9746E0081C93E /* Supporting Files */,
			);
			path = OpenChatTests;
			sourceTree = "<group>";
		};
		14C27F9319C9746E0081C93E /* Supporting Files */ = {
			isa = PBXGroup;
			children = (
				14C27F9419C9746E0081C93E /* OpenChatTests-Info.plist */,
				14C27F9519C9746E0081C93E /* InfoPlist.strings */,
			);
			name = "Supporting Files";
			sourceTree = "<group>";
		};
/* End PBXGroup section */

/* Begin PBXNativeTarget section */
		14C27F5D19C9746D0081C93E /* OpenChat */ = {
			isa = PBXNativeTarget;
			buildConfigurationList = 14C27F9C19C9746E0081C93E /* Build configuration list for PBXNativeTarget "OpenChat" */;
			buildPhases = (
				14C27F5A19C9746D0081C93E /* Sources */,
				14C27F5B19C9746D0081C93E /* Frameworks */,
				14C27F5C19C9746D0081C93E /* Resources */,
			);
			buildRules = (
			);
			dependencies = (
			);
			name = OpenChat;
			productName = OpenChat;
			productReference = 14C27F5E19C9746D0081C93E /* OpenChat.app */;
			productType = "com.apple.product-type.application";
		};
		14C27F8919C9746D0081C93E /* OpenChatTests */ = {
			isa = PBXNativeTarget;
			buildConfigurationList = 14C27F9F19C9746E0081C93E /* Build configuration list for PBXNativeTarget "OpenChatTests" */;
			buildPhases = (
				14C27F8619C9746D0081C93E /* Sources */,
				14C27F8719C9746D0081C93E /* Frameworks */,
				14C27F8819C9746D0081C93E /* Resources */,
			);
			buildRules = (
			);
			dependencies = (
				14C27F9119C9746E0081C93E /* PBXTargetDependency */,
			);
			name = OpenChatTests;
			productName = OpenChatTests;
			productReference = 14C27F8A19C9746D0081C93E /* OpenChatTests.xctest */;
			productType = "com.apple.product-type.bundle.unit-test";
		};
/* End PBXNativeTarget section */

/* Begin PBXProject section */
		14C27F5619C9746D0081C93E /* Project object */ = {
			isa = PBXProject;
			attributes = {
				CLASSPREFIX = OC;
				LastUpgradeCheck = 0510;
				ORGANIZATIONNAME = OpenChat;
				TargetAttributes = {
					14C27F8919C9746D0081C93E = {
						TestTargetID = 14C27F5D19C9746D0081C93E;
					};
				};
			};
			buildConfigurationList = 14C27F5919C9746D0081C93E /* Build configuration list for PBXProject "OpenChat" */;
			compatibilityVersion = "Xcode 3.2";
			developmentRegion = English;
			hasScannedForEncodings = 0;
			knownRegions = (
				en,
				Base,
			);
			mainGroup = 14C27F5519C9746D0081C93E;
			productRefGroup = 14C27F5F19C9746D0081C93E /* Products */;
			projectDirPath = "";
			projectRoot = "";
			targets = (
				14C27F5D19C9746D0081C93E /* OpenChat */,
				14C27F8919C9746D0081C93E /* OpenChatTests */,
			);
		};
/* End PBXProject section */

/* Begin PBXResourcesBuildPhase section */
		14C27F5C19C9746D0081C93E /* Resources */ = {
			isa = PBXResourcesBuildPhase;
			buildActionMask = 2147483647;
			files = (
				14C27F7A19C9746D0081C93E /* Main_iPad.storyboard in Resources */,
				14C27F8519C9746D0081C93E /* Images.xcassets in Resources */,
				14C27F7719C9746D0081C93E /* Main_iPhone.storyboard in Resources */,
				14C27F6E19C9746D0081C93E /* InfoPlist.strings in Resources */,
			);
			runOnlyForDeploymentPostprocessing = 0;
		};
		14C27F8819C9746D0081C93E /* Resources */ = {
			isa = PBXResourcesBuildPhase;
			buildActionMask = 2147483647;
			files = (
				14C27F9719C9746E0081C93E /* InfoPlist.strings in Resources */,
			);
			runOnlyForDeploymentPostprocessing = 0;
		};
/* End PBXResourcesBuildPhase section */

/* Begin PBXSourcesBuildPhase section */
		14C27F5A19C9746D0081C93E /* Sources */ = {
			isa = PBXSourcesBuildPhase;
			buildActionMask = 2147483647;
			files = (
				14C27F8019C9746D0081C93E /* OCMasterViewController.m in Sources */,
				14C27F8319C9746D0081C93E /* OCDetailViewController.m in Sources */,
				14C27F7419C9746D0081C93E /* OCAppDelegate.m in Sources */,
				14C27F7D19C9746D0081C93E /* OpenChat.xcdatamodeld in Sources */,
				14C27F7019C9746D0081C93E /* main.m in Sources */,
			);
			runOnlyForDeploymentPostprocessing = 0;
		};
		14C27F8619C9746D0081C93E /* Sources */ = {
			isa = PBXSourcesBuildPhase;
			buildActionMask = 2147483647;
			files = (
				14C27F9919C9746E0081C93E /* OpenChatTests.m in Sources */,
			);
			runOnlyForDeploymentPostprocessing = 0;
		};
/* End PBXSourcesBuildPhase section */

/* Begin PBXTargetDependency section */
		14C27F9119C9746E0081C93E /* PBXTargetDependency */ = {
			isa = PBXTargetDependency;
			target = 14C27F5D19C9746D0081C93E /* OpenChat */;
			targetProxy = 14C27F9019C9746E0081C93E /* PBXContainerItemProxy */;
		};
/* End PBXTargetDependency section */

/* Begin PBXVariantGroup section */
		14C27F6C19C9746D0081C93E /* InfoPlist.strings */ = {
			isa = PBXVariantGroup;
			children = (
				14C27F6D19C9746D0081C93E /* en */,
			);
			name = InfoPlist.strings;
			sourceTree = "<group>";
		};
		14C27F7519C9746D0081C93E /* Main_iPhone.storyboard */ = {
			isa = PBXVariantGroup;
			children = (
				14C27F7619C9746D0081C93E /* Base */,
			);
			name = Main_iPhone.storyboard;
			sourceTree = "<group>";
		};
		14C27F7819C9746D0081C93E /* Main_iPad.storyboard */ = {
			isa = PBXVariantGroup;
			children = (
				14C27F7919C9746D0081C93E /* Base */,
			);
			name = Main_iPad.storyboard;
			sourceTree = "<group>";
		};
		14C27F9519C9746E0081C93E /* InfoPlist.strings */ = {
			isa = PBXVariantGroup;
			children = (
				14C27F9619C9746E0081C93E /* en */,
			);
			name = InfoPlist.strings;
			sourceTree = "<group>";
		};
/* End PBXVariantGroup section */

/* Begin XCBuildConfiguration section */
		14C27F9A19C9746E0081C93E /* Debug */ = {
			isa = XCBuildConfiguration;
			buildSettings = {
				ALWAYS_SEARCH_USER_PATHS = NO;
				CLANG_CXX_LANGUAGE_STANDARD = "gnu++0x";
				CLANG_CXX_LIBRARY = "libc++";
				CLANG_ENABLE_MODULES = YES;
				CLANG_ENABLE_OBJC_ARC = YES;
				CLANG_WARN_BOOL_CONVERSION = YES;
				CLANG_WARN_CONSTANT_CONVERSION = YES;
				CLANG_WARN_DIRECT_OBJC_ISA_USAGE = YES_ERROR;
				CLANG_WARN_EMPTY_BODY = YES;
				CLANG_WARN_ENUM_CONVERSION = YES;
				CLANG_WARN_INT_CONVERSION = YES;
				CLANG_WARN_OBJC_ROOT_CLASS = YES_ERROR;
				CLANG_WARN__DUPLICATE_METHOD_MATCH = YES;
				"CODE_SIGN_IDENTITY[sdk=iphoneos*]" = "iPhone Developer";
				COPY_PHASE_STRIP = NO;
				GCC_C_LANGUAGE_STANDARD = gnu99;
				GCC_DYNAMIC_NO_PIC = NO;
				GCC_OPTIMIZATION_LEVEL = 0;
				GCC_PREPROCESSOR_DEFINITIONS = (
					"DEBUG=1",
					"$(inherited)",
				);
				GCC_SYMBOLS_PRIVATE_EXTERN = NO;
				GCC_WARN_64_TO_32_BIT_CONVERSION = YES;
				GCC_WARN_ABOUT_RETURN_TYPE = YES_ERROR;
				GCC_WARN_UNDECLARED_SELECTOR = YES;
				GCC_WARN_UNINITIALIZED_AUTOS = YES_AGGRESSIVE;
				GCC_WARN_UNUSED_FUNCTION = YES;
				GCC_WARN_UNUSED_VARIABLE = YES;
				IPHONEOS_DEPLOYMENT_TARGET = 7.1;
				ONLY_ACTIVE_ARCH = YES;
				SDKROOT = iphoneos;
				TARGETED_DEVICE_FAMILY = "1,2";
			};
			name = Debug;
		};
		14C27F9B19C9746E0081C93E /* Release */ = {
			isa = XCBuildConfiguration;
			buildSettings = {
				ALWAYS_SEARCH_USER_PATHS = NO;
				CLANG_CXX_LANGUAGE_STANDARD = "gnu++0x";
				CLANG_CXX_LIBRARY = "libc++";
				CLANG_ENABLE_MODULES = YES;
				CLANG_ENABLE_OBJC_ARC = YES;
				CLANG_WARN_BOOL_CONVERSION = YES;
				CLANG_WARN_CONSTANT_CONVERSION = YES;
				CLANG_WARN_DIRECT_OBJC_ISA_USAGE = YES_ERROR;
				CLANG_WARN_EMPTY_BODY = YES;
				CLANG_WARN_ENUM_CONVERSION = YES;
				CLANG_WARN_INT_CONVERSION = YES;
				CLANG_WARN_OBJC_ROOT_CLASS = YES_ERROR;
				CLANG_WARN__DUPLICATE_METHOD_MATCH = YES;
				"CODE_SIGN_IDENTITY[sdk=iphoneos*]" = "iPhone Developer";
				COPY_PHASE_STRIP = YES;
				ENABLE_NS_ASSERTIONS = NO;
				GCC_C_LANGUAGE_STANDARD = gnu99;
				GCC_WARN_64_TO_32_BIT_CONVERSION = YES;
				GCC_WARN_ABOUT_RETURN_TYPE = YES_ERROR;
				GCC_WARN_UNDECLARED_SELECTOR = YES;
				GCC_WARN_UNINITIALIZED_AUTOS = YES_AGGRESSIVE;
				GCC_WARN_UNUSED_FUNCTION = YES;
				GCC_WARN_UNUSED_VARIABLE = YES;
				IPHONEOS_DEPLOYMENT_TARGET = 7.1;
				SDKROOT = iphoneos;
				TARGETED_DEVICE_FAMILY = "1,2";
				VALIDATE_PRODUCT = YES;
			};
			name = Release;
		};
		14C27F9D19C9746E0081C93E /* Debug */ = {
			isa = XCBuildConfiguration;
			buildSettings = {
				ASSETCATALOG_COMPILER_APPICON_NAME = AppIcon;
				ASSETCATALOG_COMPILER_LAUNCHIMAGE_NAME = LaunchImage;
				GCC_PRECOMPILE_PREFIX_HEADER = YES;
				GCC_PREFIX_HEADER = "OpenChat/OpenChat-Prefix.pch";
				INFOPLIST_FILE = "OpenChat/OpenChat-Info.plist";
				PRODUCT_NAME = "$(TARGET_NAME)";
				WRAPPER_EXTENSION = app;
			};
			name = Debug;
		};
		14C27F9E19C9746E0081C93E /* Release */ = {
			isa = XCBuildConfiguration;
			buildSettings = {
				ASSETCATALOG_COMPILER_APPICON_NAME = AppIcon;
				ASSETCATALOG_COMPILER_LAUNCHIMAGE_NAME = LaunchImage;
				GCC_PRECOMPILE_PREFIX_HEADER = YES;
				GCC_PREFIX_HEADER = "OpenChat/OpenChat-Prefix.pch";
				INFOPLIST_FILE = "OpenChat/OpenChat-Info.plist";
				PRODUCT_NAME = "$(TARGET_NAME)";
				WRAPPER_EXTENSION = app;
			};
			name = Release;
		};
		14C27FA019C9746E0081C93E /* Debug */ = {
			isa = XCBuildConfiguration;
			buildSettings = {
				BUNDLE_LOADER = "$(BUILT_PRODUCTS_DIR)/OpenChat.app/OpenChat";
				FRAMEWORK_SEARCH_PATHS = (
					"$(SDKROOT)/Developer/Library/Frameworks",
					"$(inherited)",
					"$(DEVELOPER_FRAMEWORKS_DIR)",
				);
				GCC_PRECOMPILE_PREFIX_HEADER = YES;
				GCC_PREFIX_HEADER = "OpenChat/OpenChat-Prefix.pch";
				GCC_PREPROCESSOR_DEFINITIONS = (
					"DEBUG=1",
					"$(inherited)",
				);
				INFOPLIST_FILE = "OpenChatTests/OpenChatTests-Info.plist";
				PRODUCT_NAME = "$(TARGET_NAME)";
				TEST_HOST = "$(BUNDLE_LOADER)";
				WRAPPER_EXTENSION = xctest;
			};
			name = Debug;
		};
		14C27FA119C9746E0081C93E /* Release */ = {
			isa = XCBuildConfiguration;
			buildSettings = {
				BUNDLE_LOADER = "$(BUILT_PRODUCTS_DIR)/OpenChat.app/OpenChat";
				FRAMEWORK_SEARCH_PATHS = (
					"$(SDKROOT)/Developer/Library/Frameworks",
					"$(inherited)",
					"$(DEVELOPER_FRAMEWORKS_DIR)",
				);
				GCC_PRECOMPILE_PREFIX_HEADER = YES;
				GCC_PREFIX_HEADER = "OpenChat/OpenChat-Prefix.pch";
				INFOPLIST_FILE = "OpenChatTests/OpenChatTests-Info.plist";
				PRODUCT_NAME = "$(TARGET_NAME)";
				TEST_HOST = "$(BUNDLE_LOADER)";
				WRAPPER_EXTENSION = xctest;
			};
			name = Release;
		};
/* End XCBuildConfiguration section */

/* Begin XCConfigurationList section */
		14C27F5919C9746D0081C93E /* Build configuration list for PBXProject "OpenChat" */ = {
			isa = XCConfigurationList;
			buildConfigurations = (
				14C27F9A19C9746E0081C93E /* Debug */,
				14C27F9B19C9746E0081C93E /* Release */,
			);
			defaultConfigurationIsVisible = 0;
			defaultConfigurationName = Release;
		};
		14C27F9C19C9746E0081C93E /* Build configuration list for PBXNativeTarget "OpenChat" */ = {
			isa = XCConfigurationList;
			buildConfigurations = (
				14C27F9D19C9746E0081C93E /* Debug */,
				14C27F9E19C9746E0081C93E /* Release */,
			);
			defaultConfigurationIsVisible = 0;
		};
		14C27F9F19C9746E0081C93E /* Build configuration list for PBXNativeTarget "OpenChatTests" */ = {
			isa = XCConfigurationList;
			buildConfigurations = (
				14C27FA019C9746E0081C93E /* Debug */,
				14C27FA119C9746E0081C93E /* Release */,
			);
			defaultConfigurationIsVisible = 0;
		};
/* End XCConfigurationList section */

/* Begin XCVersionGroup section */
		14C27F7B19C9746D0081C93E /* OpenChat.xcdatamodeld */ = {
			isa = XCVersionGroup;
			children = (
				14C27F7C19C9746D0081C93E /* OpenChat.xcdatamodel */,
			);
			currentVersion = 14C27F7C19C9746D0081C93E /* OpenChat.xcdatamodel */;
			path = OpenChat.xcdatamodeld;
			sourceTree = "<group>";
			versionGroupType = wrapper.xcdatamodel;
		};
/* End XCVersionGroup section */
	};
	rootObject = 14C27F5619C9746D0081C93E /* Project object */;
}
